Microsoft Visual Studio Solution File, Format Version 12.00
# Visual Studio Version 17
VisualStudioVersion = 17.0.31903.59
MinimumVisualStudioVersion = 10.0.40219.1
Project("{9A19103F-16F7-4668-BE54-9A1E7A4F7556}") = "CarRental.API", "CarRental.API\CarRental.API.csproj", "{A5F1C9A0-3B4E-4C21-9E8D-6F1234567890}"
EndProject
Project("{54435603-DBB4-11D2-8724-00A0C9A8B90C}") = "car-rental-ui", "car-rental-ui\car-rental-ui.esproj", "{B6F2D8E1-4A5B-4C32-8D9E-7F0987654321}"
EndProject
Global
	GlobalSection(SolutionConfigurationPlatforms) = preSolution
		Debug|Any CPU = Debug|Any CPU
		Release|Any CPU = Release|Any CPU
	EndGlobalSection
	GlobalSection(ProjectConfigurationPlatforms) = postSolution
		{A5F1C9A0-3B4E-4C21-9E8D-6F1234567890}.Debug|Any CPU.ActiveCfg = Debug|Any CPU
		{A5F1C9A0-3B4E-4C21-9E8D-6F1234567890}.Debug|Any CPU.Build.0 = Debug|Any CPU
		{A5F1C9A0-3B4E-4C21-9E8D-6F1234567890}.Release|Any CPU.ActiveCfg = Release|Any CPU
		{A5F1C9A0-3B4E-4C21-9E8D-6F1234567890}.Release|Any CPU.Build.0 = Release|Any CPU
		{B6F2D8E1-4A5B-4C32-8D9E-7F0987654321}.Debug|Any CPU.ActiveCfg = Debug|Any CPU
		{B6F2D8E1-4A5B-4C32-8D9E-7F0987654321}.Debug|Any CPU.Build.0 = Debug|Any CPU
		{B6F2D8E1-4A5B-4C32-8D9E-7F0987654321}.Release|Any CPU.ActiveCfg = Release|Any CPU
		{B6F2D8E1-4A5B-4C32-8D9E-7F0987654321}.Release|Any CPU.Build.0 = Release|Any CPU
	EndGlobalSection
	GlobalSection(SolutionProperties) = preSolution
		HideSolutionNode = FALSE
	EndGlobalSection
EndGlobal
